
Microsoft Visual Studio Solution File, Format Version 12.00
# Visual Studio Version 16
VisualStudioVersion = 16.0.29728.190
MinimumVisualStudioVersion = 10.0.40219.1
Project("{9A19103F-16F7-4668-BE54-9A1E7A4F7556}") = "Montage.Weiss.Tools", "MontageWeissTools\Montage.Weiss.Tools.csproj", "{1A0D3FF8-59D2-4548-988E-E66CC1BAC914}"
EndProject
Project("{2150E333-8FDC-42A3-9474-1A3956D46DE8}") = "Solution Items", "Solution Items", "{BB5C3BE8-6A5C-4C2F-9DAD-9C12D150F90F}"
	ProjectSection(SolutionItems) = preProject
		.github\workflows\nightly.yml = .github\workflows\nightly.yml
		readme.md = readme.md
	EndProjectSection
EndProject
Project("{FAE04EC0-301F-11D3-BF4B-00C04F79EFBC}") = "Montage.Weiss.Tools.Test", "Montage.Weiss.Tools.Test\Montage.Weiss.Tools.Test.csproj", "{B1170FA3-8208-4AEE-9E45-DD62FBC38BA9}"
EndProject
Global
	GlobalSection(SolutionConfigurationPlatforms) = preSolution
		Debug|Any CPU = Debug|Any CPU
		Release|Any CPU = Release|Any CPU
	EndGlobalSection
	GlobalSection(ProjectConfigurationPlatforms) = postSolution
		{1A0D3FF8-59D2-4548-988E-E66CC1BAC914}.Debug|Any CPU.ActiveCfg = Debug|Any CPU
		{1A0D3FF8-59D2-4548-988E-E66CC1BAC914}.Debug|Any CPU.Build.0 = Debug|Any CPU
		{1A0D3FF8-59D2-4548-988E-E66CC1BAC914}.Release|Any CPU.ActiveCfg = Release|Any CPU
		{1A0D3FF8-59D2-4548-988E-E66CC1BAC914}.Release|Any CPU.Build.0 = Release|Any CPU
		{B1170FA3-8208-4AEE-9E45-DD62FBC38BA9}.Debug|Any CPU.ActiveCfg = Debug|Any CPU
		{B1170FA3-8208-4AEE-9E45-DD62FBC38BA9}.Debug|Any CPU.Build.0 = Debug|Any CPU
		{B1170FA3-8208-4AEE-9E45-DD62FBC38BA9}.Release|Any CPU.ActiveCfg = Release|Any CPU
		{B1170FA3-8208-4AEE-9E45-DD62FBC38BA9}.Release|Any CPU.Build.0 = Release|Any CPU
	EndGlobalSection
	GlobalSection(SolutionProperties) = preSolution
		HideSolutionNode = FALSE
	EndGlobalSection
	GlobalSection(ExtensibilityGlobals) = postSolution
		SolutionGuid = {629AB2E3-94BE-41B9-9A36-4B3E9DA87311}
	EndGlobalSection
EndGlobal
